
Microsoft Visual Studio Solution File, Format Version 12.00
# Visual Studio Version 16
VisualStudioVersion = 16.0.31005.135
MinimumVisualStudioVersion = 10.0.40219.1
Project("{FAE04EC0-301F-11D3-BF4B-00C04F79EFBC}") = "SalesWebMvc", "SalesWebMvc\SalesWebMvc.csproj", "{E9BBF254-F35E-4A83-8CA8-2EDACE633FCD}"
EndProject
Global
	GlobalSection(SolutionConfigurationPlatforms) = preSolution
		Debug|Any CPU = Debug|Any CPU
		Release|Any CPU = Release|Any CPU
	EndGlobalSection
	GlobalSection(ProjectConfigurationPlatforms) = postSolution
		{E9BBF254-F35E-4A83-8CA8-2EDACE633FCD}.Debug|Any CPU.ActiveCfg = Debug|Any CPU
		{E9BBF254-F35E-4A83-8CA8-2EDACE633FCD}.Debug|Any CPU.Build.0 = Debug|Any CPU
		{E9BBF254-F35E-4A83-8CA8-2EDACE633FCD}.Release|Any CPU.ActiveCfg = Release|Any CPU
		{E9BBF254-F35E-4A83-8CA8-2EDACE633FCD}.Release|Any CPU.Build.0 = Release|Any CPU
	EndGlobalSection
	GlobalSection(SolutionProperties) = preSolution
		HideSolutionNode = FALSE
	EndGlobalSection
	GlobalSection(ExtensibilityGlobals) = postSolution
		SolutionGuid = {8C6C516C-78D9-4D25-A739-749460457BAD}
	EndGlobalSection
EndGlobal
